
Microsoft Visual Studio Solution File, Format Version 11.00
# Visual Studio 2010
Project("{D2ABAB84-BF74-430A-B69E-9DC6D40DDA17}") = "BI_PROJECT", "BI_PROJECT\BI_PROJECT.dwproj", "{E42C9724-DDFB-4C95-8AFF-2020BB2BD3E6}"
EndProject
Global
	GlobalSection(SolutionConfigurationPlatforms) = preSolution
		Development|Default = Development|Default
	EndGlobalSection
	GlobalSection(ProjectConfigurationPlatforms) = postSolution
		{E42C9724-DDFB-4C95-8AFF-2020BB2BD3E6}.Development|Default.ActiveCfg = Development
		{E42C9724-DDFB-4C95-8AFF-2020BB2BD3E6}.Development|Default.Build.0 = Development
		{E42C9724-DDFB-4C95-8AFF-2020BB2BD3E6}.Development|Default.Deploy.0 = Development
	EndGlobalSection
	GlobalSection(SolutionProperties) = preSolution
		HideSolutionNode = FALSE
	EndGlobalSection
EndGlobal
